lockfileVersion: '9.0'

settings:
  autoInstallPeers: false
  excludeLinksFromLockfile: false

importers:

  .:
    devDependencies:
      '@codemirror/commands':
        specifier: ^6.8.1
        version: 6.11.0
      '@codemirror/lang-css':
        specifier: ^6.3.1
        version: 6.3.1
      '@codemirror/lang-javascript':
        specifier: ^6.2.4
        version: 6.2.5
      '@codemirror/language':
        specifier: ^6.11.3
        version: 6.12.4
      '@codemirror/search':
        specifier: ^6.5.11
        version: 6.7.2
      '@codemirror/state':
        specifier: ^6.5.2
        version: 6.7.4
      '@codemirror/view':
        specifier: ^6.38.6
        version: 6.43.11
      '@deepseek-ai/cordis':
        specifier: ^4.0.2
        version: 4.0.2
      '@deepseek-ai/dsh-client-locale':
        specifier: 0.1.5-rc.2
        version: 0.1.5-rc.2(@deepseek-ai/cordis@4.0.2)
      '@deepseek-ai/dsh-client-ui-layout':
        specifier: 0.1.5-rc.2
        version: 0.1.5-rc.2(@deepseek-ai/cordis@4.0.2)
      '@deepseek-ai/dsh-client-ui-primitives':
        specifier: 0.1.5-rc.2
        version: 0.1.5-rc.2(@deepseek-ai/cordis@4.0.2)
      '@deepseek-ai/dsh-client-ui-renderer':
        specifier: 0.1.5-rc.2
        version: 0.1.5-rc.2(@deepseek-ai/cordis@4.0.2)
      '@deepseek-ai/dsh-client-ui-settings':
        specifier: 0.1.5-rc.2
        version: 0.1.5-rc.2(@deepseek-ai/cordis@4.0.2)
      '@deepseek-ai/dsh-client-ui-settings-plugins':
        specifier: 0.1.5-rc.2
        version: 0.1.5-rc.2(@deepseek-ai/cordis@4.0.2)
      '@deepseek-ai/dsh-client-ui-sidebar':
        specifier: 0.1.5-rc.2
        version: 0.1.5-rc.2(@deepseek-ai/cordis@4.0.2)
      '@deepseek-ai/dsh-client-ui-slots':
        specifier: 0.1.5-rc.2
        version: 0.1.5-rc.2(@deepseek-ai/cordis@4.0.2)
      '@deepseek-ai/dsh-settings':
        specifier: ^0.1.5-rc.2
        version: 0.1.5-rc.2(@deepseek-ai/cordis@4.0.2)(@deepseek-ai/schemastery@3.18.2)
      '@lezer/highlight':
        specifier: ^1.2.1
        version: 1.2.3
      '@types/node':
        specifier: ^22.20.0
        version: 22.20.2
      '@types/react':
        specifier: ~18.3.1
        version: 18.3.31
      '@types/react-dom':
        specifier: ~18.3.0
        version: 18.3.7(@types/react@18.3.31)
      esbuild:
        specifier: ^0.28.2
        version: 0.28.2
      jsdom:
        specifier: ^30.0.1
        version: 30.0.1
      react:
        specifier: ^18.2.0
        version: 18.3.1
      react-dom:
        specifier: ^18.2.0
        version: 18.3.1(react@18.3.1)
      schemastery:
        specifier: ^3.18.0
        version: 3.18.0
      typescript:
        specifier: ^5.9.3
        version: 5.9.3

packages:

  '@asamuzakjp/css-color@6.0.7':
    resolution: {integrity: sha512-vC/bk1Lz7Tn/EfU9/apOTBk80/8dyGyWMowPoV1tJ52muDGsDqt2HPT2klrFUiY60MQmQv9q8yIht15JnBgDGw==}
    engines: {node: ^22.13.0 || >=24.0.0}

  '@asamuzakjp/dom-selector@8.3.2':
    resolution: {integrity: sha512-93Z1N+BQNXysodoicpOIyNh2drHfz/CTf9nnT0FEx72GJcIiwgydD7tGAr78j41LsYn3hlRn+LdGPuBLn1Bl8Q==}
    engines: {node: ^22.13.0 || >=24.0.0}

  '@bramus/specificity@2.4.2':
    resolution: {integrity: sha512-ctxtJ/eA+t+6q2++vj5j7FYX3nRu311q1wfYH3xjlLOsczhlhxAg2FWNUXhpGvAw3BWo1xBcvOV6/YLc2r5FJw==}
    hasBin: true

  '@codemirror/autocomplete@6.20.3':
    resolution: {integrity: sha512-tlosUqb+3BbxCxZdu4tKeRghPFC+QM7q4X5YhKV2eCmPG+1r2F3f4AaSz5sCrFqUtX4Jh20VFTKecl16MgiV9g==}

  '@codemirror/commands@6.11.0':
    resolution: {integrity: sha512-/K4Rl5BN0OtTiPWmJCdqODu38XnDMsDxKY5rgrPnCkutPTJf2wVbkoixLfealF5Kwse/s8P8M5jAiURiwSwnFA==}

  '@codemirror/lang-css@6.3.1':
    resolution: {integrity: sha512-kr5fwBGiGtmz6l0LSJIbno9QrifNMUusivHbnA1H6Dmqy4HZFte3UAICix1VuKo0lMPKQr2rqB+0BkKi/S3Ejg==}

  '@codemirror/lang-javascript@6.2.5':
    resolution: {integrity: sha512-zD4e5mS+50htS7F+TYjBPsiIFGanfVqg4HyUz6WNFikgOPf2BgKlx+TQedI1w6n/IqRBVBbBWmGFdLB/7uxO4A==}

  '@codemirror/language@6.12.4':
    resolution: {integrity: sha512-1q4PaT+o6PbgpkJt4Q8Fv5XJxTy4FUZ4MWETtyiDw3J0Pyr9E2vqcKL+k9wcvjNTIsauxvE7OfmWj3FRPHQ76A==}

  '@codemirror/lint@6.9.7':
    resolution: {integrity: sha512-28/+iWLYxKxsvGYhSYL7zaCZqLz5+FFFDq9tVsvGv9kv8RY4fFAchJ5WX9M3YrrRlTIsECjsXPqeNgnSmNP2dg==}

  '@codemirror/search@6.7.2':
    resolution: {integrity: sha512-gUYkYhT2+n/+VGZ+8EzE5WFkYZUZYm1VOKDudIsNqh42uRVQJ0a6Yss9sdKT3MeOYfuL1N6AZA57oza0Oyr0LA==}

  '@codemirror/state@6.7.4':
    resolution: {integrity: sha512-QhQIVRY+xHZDxwOSFrJ1eUMapJBUID3IdeAjf7dHO7zBUzSkyooHiodnalz5MG3iHzwixKMlAAyn7244y537EA==}

  '@codemirror/view@6.43.11':
    resolution: {integrity: sha512-2+esucbQX6wB2JYi1eDvdCPFTA31BN8oSy6xCmk3G6CloV11yOvEjYk+gH7kLrP0MuHG94E8WDhjs5oMiu3+Wg==}

  '@csstools/color-helpers@6.1.1':
    resolution: {integrity: sha512-gLNsunvwf3mCi5u5o46/Z/JcJMnhbHSaZ69rkgPzNM3J4s8hWwpPUQB6/tt0EDFyCiWzxANlx+2LJwpYj4zS1w==}
    engines: {node: '>=20.19.0'}

  '@csstools/css-calc@3.3.0':
    resolution: {integrity: sha512-c5ihYsPkdG6JCkU2zTMm4+k6r7RXuGxtWYhu5DHMIiF1FHzrfmHL5so11AoFpUv/tu61xfcmT4AmKoFfMPoqdQ==}
    engines: {node: '>=20.19.0'}
    peerDependencies:
      '@csstools/css-parser-algorithms': ^4.0.0
      '@csstools/css-tokenizer': ^4.0.0

  '@csstools/css-color-parser@4.2.2':
    resolution: {integrity: sha512-3QKjR/vxyjcSXBLgb6lP0S3MGdvwbmqSsvLPbYdVORqPDc8FX1HAJ0Spk38bxaRXgvENTA47tlhhbb5Z2e8hEg==}
    engines: {node: '>=20.19.0'}
    peerDependencies:
      '@csstools/css-parser-algorithms': ^4.0.0
      '@csstools/css-tokenizer': ^4.0.0

  '@csstools/css-parser-algorithms@4.0.0':
    resolution: {integrity: sha512-+B87qS7fIG3L5h3qwJ/IFbjoVoOe/bpOdh9hAjXbvx0o8ImEmUsGXN0inFOnk2ChCFgqkkGFQ+TpM5rbhkKe4w==}
    engines: {node: '>=20.19.0'}
    peerDependencies:
      '@csstools/css-tokenizer': ^4.0.0

  '@csstools/css-syntax-patches-for-csstree@1.1.13':
    resolution: {integrity: sha512-i9ZylF5QNhmNfPA9l0vHAWK4kPrbIp6g9lKgaiIFsIBz2F/WNB7OLrzlNNcCOm+h42bkaSD2v1PG+IBPHhc3ZA==}
    peerDependencies:
      css-tree: ^3.2.1
    peerDependenciesMeta:
      css-tree:
        optional: true

  '@csstools/css-tokenizer@4.0.0':
    resolution: {integrity: sha512-QxULHAm7cNu72w97JUNCBFODFaXpbDg+dP8b/oWFAZ2MTRppA3U00Y2L1HqaS4J6yBqxwa/Y3nMBaxVKbB/NsA==}
    engines: {node: '>=20.19.0'}

  '@deepseek-ai/cordis@4.0.2':
    resolution: {integrity: sha512-asOnXP1TzFSFQlHb1iegDZp0z/8WD1c7YNrwJR/Tx2bzNuMXfcekE/I67Iv6SQXeLB4csxqCngzQKANP7gdw0g==}
    hasBin: true
    peerDependencies:
      '@deepseek-ai/cordis-plugin-include': ^1.0.7
      '@deepseek-ai/cordis-plugin-loader': ^1.0.3
    peerDependenciesMeta:
      '@deepseek-ai/cordis-plugin-include':
        optional: true
      '@deepseek-ai/cordis-plugin-loader':
        optional: true

  '@deepseek-ai/cosmokit@1.8.3':
    resolution: {integrity: sha512-qBo+ronVM6Eu2WNVJXi8JcMiqZ19T9BRIpV+5qJUFPXjGH/Z0QKcQMC/IZJ7L394YTOtJgcovbk9qP0w2GsBXQ==}

  '@deepseek-ai/dsh-client-locale@0.1.5-rc.2':
    resolution: {integrity: sha512-kv56ki/WQWagsHt94wJAPzsiKnxa8KlmM33bZGgl2SgF4atlQ3iRCdkwJ3fQARXF4Ocnfutivoj5fu5usks1Sw==}
    peerDependencies:
      '@deepseek-ai/cordis': ^4.0.2

  '@deepseek-ai/dsh-client-ui-layout@0.1.5-rc.2':
    resolution: {integrity: sha512-N5+kH1W6UjzOuagJEKDenm/Gbs8Y2sz6btdmVKW5dypEEUgVWsQGV0auTC37gsWKWDaWGpfYOpeAa3Ybk6DYbQ==}
    peerDependencies:
      '@deepseek-ai/cordis': ^4.0.2

  '@deepseek-ai/dsh-client-ui-primitives@0.1.5-rc.2':
    resolution: {integrity: sha512-APWho69VlEmbLGqzBLiybTtjun93tEbxMMJlm+Q129Cx7ZGJak3DNfQtW3OPzBCf3Gzs2PGEz8fKbunTpea2jQ==}
    peerDependencies:
      '@deepseek-ai/cordis': ^4.0.2

  '@deepseek-ai/dsh-client-ui-renderer@0.1.5-rc.2':
    resolution: {integrity: sha512-otUJ72f1UfL8b/UL+tMdSE+FHqJWErPmHs2AWbad9nHXghNoZjL2bxumOhI3b+Hb1eezhhM+KanlWzIulTIkvw==}
    peerDependencies:
      '@deepseek-ai/cordis': ^4.0.2

  '@deepseek-ai/dsh-client-ui-settings-plugins@0.1.5-rc.2':
    resolution: {integrity: sha512-MRErIAbG1GjrIDN/ULFEMrBA5rHUfg55+uY2P51UVmLdI5UC3B6I5QQYNo9pPcqHSVnT8EZFz7ZWz4Yi5DTAuQ==}
    peerDependencies:
      '@deepseek-ai/cordis': ^4.0.2

  '@deepseek-ai/dsh-client-ui-settings@0.1.5-rc.2':
    resolution: {integrity: sha512-NsnZLRI2ZDzJJylx9KATuDwrTdJ0FSP93dU5SL5k2G2W4FLUspNvlAmk7bha5Miopfzmfd+h5/NvMdWe8PVVjQ==}
    peerDependencies:
      '@deepseek-ai/cordis': ^4.0.2

  '@deepseek-ai/dsh-client-ui-sidebar@0.1.5-rc.2':
    resolution: {integrity: sha512-52PGlC4e9zkD6MQOjDo2TakxsWi4f5QigmdNsHluhDMBUfwMYl8ppWGD3uuHyAkK95yh0D1eKI5UPdQ5kikn+A==}
    peerDependencies:
      '@deepseek-ai/cordis': ^4.0.2

  '@deepseek-ai/dsh-client-ui-slots@0.1.5-rc.2':
    resolution: {integrity: sha512-uUKIHBcNzWmJFtTlPkgn7hprsE5uU8lJf8Fw7jKwUouZWIwGnLdxuunrm1LOZWr7G+b4UfjVwD4LV12rhF/WLg==}
    peerDependencies:
      '@deepseek-ai/cordis': ^4.0.2

  '@deepseek-ai/dsh-settings@0.1.5-rc.2':
    resolution: {integrity: sha512-LI2Y6GkEs9ALMW+7S9jHPeEZDXHtG5X6cix1HdJ1rRxTEO5427QlYhMiz45rk7hqZ8ca2O4XFMW8IWXFZQLxmw==}
    peerDependencies:
      '@deepseek-ai/cordis': ^4.0.2
      '@deepseek-ai/dsh-brand': ^0.1.5-rc.2
      '@deepseek-ai/dsh-invariants': ^0.1.5-rc.2
      '@deepseek-ai/dsh-session': ^0.1.5-rc.2
      '@deepseek-ai/schemastery': ^3.18.2

  '@deepseek-ai/dsh-util-values@0.1.5-rc.2':
    resolution: {integrity: sha512-Cr0TkM6dFAD+Iy4sNXH/afJVMHwJXoOztivj+RflkYoACsOq+Ix0vdHn36hwW7mayU8OK3ZKIZUQ6BPo1fHvUg==}
    peerDependencies:
      '@deepseek-ai/cordis': ^4.0.2

  '@deepseek-ai/schemastery@3.18.2':
    resolution: {integrity: sha512-njDtZsznjYxok7KLLlHOPyuv2efdWVbSflAHgztSfbMsg+CVraEoRe2DjOCgClYv3ZCSm7WXoaUkbB/+RY7tWQ==}

  '@esbuild/aix-ppc64@0.28.2':
    resolution: {integrity: sha512-XExcO+dvLKvVtNTibSTBej1NCAbaGhWn9Ww1ZPx80qsahhPFe/8jgWP0IchNe0F3HwkU7n8ejhH8bjonqht8mQ==}
    engines: {node: '>=18'}
    cpu: [ppc64]
    os: [aix]

  '@esbuild/android-arm64@0.28.2':
    resolution: {integrity: sha512-5YfKeeI8qWfBZIX+u2xZC3Zlb3Os/gLS2sbEKM+I4ZOcsWmHS2WLysCcQZDAFRslDUU5Oiq44gf6PYN1vGwG5A==}
    engines: {node: '>=18'}
    cpu: [arm64]
    os: [android]

  '@esbuild/android-arm@0.28.2':
    resolution: {integrity: sha512-kXXoiPVVGQcnIYGOeaovwOURpniDBpSq4A03qkQ+BMQqtGG6HYap3xne9C1O1yo4TR3qxlCX5IqqmX6fFo2Lqg==}
    engines: {node: '>=18'}
    cpu: [arm]
    os: [android]

  '@esbuild/android-x64@0.28.2':
    resolution: {integrity: sha512-O387ite7SzUyCcy3JQX4P4bLtEA7bLLkx+esve5JHnyYfNTxcVpXZo9jhdB0lTKN44gztELTdU7nS8Nr16Fs1Q==}
    engines: {node: '>=18'}
    cpu: [x64]
    os: [android]

  '@esbuild/darwin-arm64@0.28.2':
    resolution: {integrity: sha512-n4KqkOQrraxHJcgjM1RvwbigfQKIKJVpM7xp+KsxiyUSrRdIXnt73VhrPAx0fV44hgfmIVKjxMN9J1t5jySVkw==}
    engines: {node: '>=18'}
    cpu: [arm64]
    os: [darwin]

  '@esbuild/darwin-x64@0.28.2':
    resolution: {integrity: sha512-uq6suIWYP37qzGddBKPw5QEQPi6HiLGsO7UmkpfyaYNQ3D+rN6w6WfwH+nuqcGXWvawGwxOEroO4YGnFh95azw==}
    engines: {node: '>=18'}
    cpu: [x64]
    os: [darwin]

  '@esbuild/freebsd-arm64@0.28.2':
    resolution: {integrity: sha512-n+I0BTSRIoy+d6RPKnEVwql5UwBJolytvY4mAOIEJorKlqgPII8ix6slVVrfZ5Tnj7glIZvloylbB/EJPMWEXw==}
    engines: {node: '>=18'}
    cpu: [arm64]
    os: [freebsd]

  '@esbuild/freebsd-x64@0.28.2':
    resolution: {integrity: sha512-78XJTJkvPs0kz2w61301PJjXl4g7q3JqiYMZ/M/yVI73EHBrCRTgkhu9oqG7vPqq+a/yadEW8aD+agKlk5xrmg==}
    engines: {node: '>=18'}
    cpu: [x64]
    os: [freebsd]

  '@esbuild/linux-arm64@0.28.2':
    resolution: {integrity: sha512-pW4AC0P3it8c7do9MVM4p51FzHzdM/TZrerurgRcHJ2WTa1VQ1CIq18xncfpBJw4ojkiZZrKW2yIBWBP92j6Ug==}
    engines: {node: '>=18'}
    cpu: [arm64]
    os: [linux]

  '@esbuild/linux-arm@0.28.2':
    resolution: {integrity: sha512-XlDnu2q5yoqems+xay6wSAcg9DDD7K9RLKZEBOMZm3ckNpJBvOX20tSfby8KfrrhINDyv9V2YVZKY/SpoGJI8w==}
    engines: {node: '>=18'}
    cpu: [arm]
    os: [linux]

  '@esbuild/linux-ia32@0.28.2':
    resolution: {integrity: sha512-CYbnj78HsIeA+DhgUKgFCfvNsTHFhMMrinUrMZpDXJXKN8T3XViTZ/+wtHeVxEWY8ewSzTFN+nRmSwO2tZaLUQ==}
    engines: {node: '>=18'}
    cpu: [ia32]
    os: [linux]

  '@esbuild/linux-loong64@0.28.2':
    resolution: {integrity: sha512-buwkd8nsph4R+ajRvw0qM5Hja/TXQow3ptzWO2EbG/cqcIkHloRrdlBtQlshyYGTNFvfkfJ5tpPLVkY4DtsPfQ==}
    engines: {node: '>=18'}
    cpu: [loong64]
    os: [linux]

  '@esbuild/linux-mips64el@0.28.2':
    resolution: {integrity: sha512-ZVykbDyk7519VwiNb9Lcj9m8XM6v5V9uKPvrEMkkEedVewf+0itkhahp4HDpgERXhwLRpWFypsGbG/J8s0QjJA==}
    engines: {node: '>=18'}
    cpu: [mips64el]
    os: [linux]

  '@esbuild/linux-ppc64@0.28.2':
    resolution: {integrity: sha512-CAXl+Dtd9UUuJd8pKKdwh6MLm3MUMiqMPmhZ3tTSXPqfyQ3vDl6R5hZdZ/kYojK4ofXtdfSv1tFq8XzWx3heNQ==}
    engines: {node: '>=18'}
    cpu: [ppc64]
    os: [linux]

  '@esbuild/linux-riscv64@0.28.2':
    resolution: {integrity: sha512-GeXCej4IQtU1B+QlDV8W/RRvbzI3O/Stss+/bCXv4lZls5WGRtu2a+3JkA3i4qIUlMXpcHebWpF8AkJhATowuA==}
    engines: {node: '>=18'}
    cpu: [riscv64]
    os: [linux]

  '@esbuild/linux-s390x@0.28.2':
    resolution: {integrity: sha512-3H1weTYZPxt/WOhByszQZybS9w5lKzUn1FDMsgEChbHWQwHYQQRfBxgCcZvPhjHfKyJjIievvMmEUawJrdY9Dg==}
    engines: {node: '>=18'}
    cpu: [s390x]
    os: [linux]

  '@esbuild/linux-x64@0.28.2':
    resolution: {integrity: sha512-4xTZr1FUmSoQW4XIWmit3tzQrUTZM+N3P0XV8xROKYF50XfI7xeO90+1bZvNwxIufQ9hDQVRJH5YhgPVF8A/HQ==}
    engines: {node: '>=18'}
    cpu: [x64]
    os: [linux]

  '@esbuild/netbsd-arm64@0.28.2':
    resolution: {integrity: sha512-sSATRjPeDBg3pdgHoQfoYBob11Kk1FGa9lui5RIHZCoCkJa9QKlvl3/vKz2usCmYYjs7ymJR/2Nnsqe+Hjt5nw==}
    engines: {node: '>=18'}
    cpu: [arm64]
    os: [netbsd]

  '@esbuild/netbsd-x64@0.28.2':
    resolution: {integrity: sha512-lqnzCV+mM0gIADaKihiCg6ifgfU2L3h5E33rNQBN1Y4MaVGnzryzmvvf7UHxprpQdE8hpqLolJ9Rl+SkIRDpyw==}
    engines: {node: '>=18'}
    cpu: [x64]
    os: [netbsd]

  '@esbuild/openbsd-arm64@0.28.2':
    resolution: {integrity: sha512-AL2qJILH7lNjrDmCQDvdxMfAUIv8KMNZOvrwAQ8i8//ntL9FflhOyMJ8OZSMBb8/AWXe3/5v5S20y3zCoZWKoQ==}
    engines: {node: '>=18'}
    cpu: [arm64]
    os: [openbsd]

  '@esbuild/openbsd-x64@0.28.2':
    resolution: {integrity: sha512-QtiuPytchRyC4rwUKhexJdQKvDuZ6hWloi3igqPQNUJCS1/v9EiO3UTOXR6A3FoMo4fnAKbWJdqaIwhOzh8qEw==}
    engines: {node: '>=18'}
    cpu: [x64]
    os: [openbsd]

  '@esbuild/openharmony-arm64@0.28.2':
    resolution: {integrity: sha512-WkhYDmpTjLvGlScA1rwjRUmhl4k8oXR3cIbtqWmELgU/dFeHHlEllxDvdWcNJV9rbzCexB5vz8gtNewWLgCT7Q==}
    engines: {node: '>=18'}
    cpu: [arm64]
    os: [openharmony]

  '@esbuild/sunos-x64@0.28.2':
    resolution: {integrity: sha512-GPMSkTOtMnv2U2F8gxe4Io6qmVs+YKyp832Etqqxr0hFngmXQ3rzwytelm3GIn7T4VviRUlf3sOgBOiTdvaf7g==}
    engines: {node: '>=18'}
    cpu: [x64]
    os: [sunos]

  '@esbuild/win32-arm64@0.28.2':
    resolution: {integrity: sha512-PIhhEkE9uPBleRBrQEJpUn7MBnibZzbGzYWPmY3x+YoVg/95zbjB4CxPPOQ8l5tYYM4mMaCthF8/1DIfBQQyWQ==}
    engines: {node: '>=18'}
    cpu: [arm64]
    os: [win32]

  '@esbuild/win32-ia32@0.28.2':
    resolution: {integrity: sha512-YmJbfTlvU7Sdn9BB+4PRES4oB6pxgS37MAONj+hBr/cpXS1aBPKXxNnDbu+QCWPj0o9dgyxeq79g6c5P8KeuYA==}
    engines: {node: '>=18'}
    cpu: [ia32]
    os: [win32]

  '@esbuild/win32-x64@0.28.2':
    resolution: {integrity: sha512-5ebpxr3nWMzrL/rnUI755Jkuee0bHL/Gq0WTF9lvcpv73wAp5eu8MfBUgWK9bhWvZjj7yX8etf/8tI8Ney695g==}
    engines: {node: '>=18'}
    cpu: [x64]
    os: [win32]

  '@exodus/bytes@1.15.1':
    resolution: {integrity: sha512-S6mL0yNB/Abt9Ei4tq8gDhcczc4S3+vQ4ra7vxnAf+YHC02srtqxKKZghx2Dq6p0e66THKwR6r8N6P95wEty7Q==}
    engines: {node: ^20.19.0 || ^22.12.0 || >=24.0.0}
    peerDependencies:
      '@noble/hashes': ^1.8.0 || ^2.0.0
    peerDependenciesMeta:
      '@noble/hashes':
        optional: true

  '@lezer/common@1.5.2':
    resolution: {integrity: sha512-sxQE460fPZyU3sdc8lafxiPwJHBzZRy/udNFynGQky1SePYBdhkBl1kOagA9uT3pxR8K09bOrmTUqA9wb/PjSQ==}

  '@lezer/css@1.3.6':
    resolution: {integrity: sha512-YJE78Wcg+zX8f10hiHWQ4Az48Qr/c13eId0VtRQYLBpxHDmDeSrXIlkbl+fJGW42rWC/uoUco9mhBZeVWP/A1g==}

  '@lezer/highlight@1.2.3':
    resolution: {integrity: sha512-qXdH7UqTvGfdVBINrgKhDsVTJTxactNNxLk7+UMwZhU13lMHaOBlJe9Vqp907ya56Y3+ed2tlqzys7jDkTmW0g==}

  '@lezer/javascript@1.5.4':
    resolution: {integrity: sha512-vvYx3MhWqeZtGPwDStM2dwgljd5smolYD2lR2UyFcHfxbBQebqx8yjmFmxtJ/E6nN6u1D9srOiVWm3Rb4tmcUA==}

  '@lezer/lr@1.4.10':
    resolution: {integrity: sha512-rnCpTIBafOx4mRp43xOxDJbFipJm/c0cia/V5TiGlhmMa+wsSdoGmUN3w5Bqrks/09Q/D4tNAmWaT8p6NRi77A==}

  '@marijn/find-cluster-break@1.0.4':
    resolution: {integrity: sha512-Wy0V7+SGUjnF9/TkiM1hKVDPj7jKXduPNboMVtHTA8dySMURWqfg/JZ9E2Sq8JgSJmkl7k7Qe9FLeMSrSraWmQ==}

  '@standard-schema/spec@1.1.0':
    resolution: {integrity: sha512-l2aFy5jALhniG5HgqrD6jXLi/rUWrKvqN/qJx6yoJsgKhblVd+iqqU4RCXavm/jPityDo5TCvKMnpjKnOriy0w==}

  '@types/node@22.20.2':
    resolution: {integrity: sha512-xlvWf4Vs9n1PEVYwP1n4vvG07M6y8WgvJ2t0vbrWTmijsIHp1cS+uJ2kMIRdY3nHZK0nCYKrPeD171+SzF4/zw==}

  '@types/prop-types@15.7.15':
    resolution: {integrity: sha512-F6bEyamV9jKGAFBEmlQnesRPGOQqS2+Uwi0Em15xenOxHaf2hv6L8YCVn3rPdPJOiJfPiCnLIRyvwVaqMY3MIw==}

  '@types/react-dom@18.3.7':
    resolution: {integrity: sha512-MEe3UeoENYVFXzoXEWsvcpg6ZvlrFNlOQ7EOsvhI3CfAXwzPfO8Qwuxd40nepsYKqyyVQnTdEfv68q91yLcKrQ==}
    peerDependencies:
      '@types/react': ^18.0.0

  '@types/react@18.3.31':
    resolution: {integrity: sha512-vfEqpXTvwT91yhmwdfouStN2hSKwTvyRs8qpLfADyrq/kxDw0hZM7Wk9Ug1FELj8hIby+S/+kQCSRFF32nv2Qw==}

  bidi-js@1.1.0:
    resolution: {integrity: sha512-fX1Onk0tdVPC7obPWB5EbJ1z7NVhLq4m2xZLq2YXBkxzMXIGRpNMU88n0EPgWseKl12J7zXs7qrDxPK4sRs2fg==}

  cosmokit@1.8.1:
    resolution: {integrity: sha512-PDBv4l90xZKrUsZ0vtoycgZpO/j4iFsqJXrAxsyBDsnQRI7ZMJXIjgDJsKNjd5L8jnVnnlrDCdhkFbTncgCVjQ==}

  crelt@1.0.7:
    resolution: {integrity: sha512-aK6BbWfhf4U/wCcLHKPJl/xa6VkVstRaPywWtMKGwuOLc/wZTyQYuoxgvZnNsBvv7Kg3YTBQYYBCggcviQczuA==}

  css-tree@3.2.1:
    resolution: {integrity: sha512-X7sjQzceUhu1u7Y/ylrRZFU2FS6LRiFVp6rKLPg23y3x3c3DOKAwuXGDp+PAGjh6CSnCjYeAul8pcT8bAl+lSA==}
    engines: {node: ^10 || ^12.20.0 || ^14.13.0 || >=15.0.0}

  csstype@3.2.3:
    resolution: {integrity: sha512-z1HGKcYy2xA8AGQfwrn0PAy+PB7X/GSj3UVJW9qKyn43xWa+gl5nXmU4qqLMRzWVLFC8KusUX8T/0kCiOYpAIQ==}

  data-urls@7.0.0:
    resolution: {integrity: sha512-23XHcCF+coGYevirZceTVD7NdJOqVn+49IHyxgszm+JIiHLoB2TkmPtsYkNWT1pvRSGkc35L6NHs0yHkN2SumA==}
    engines: {node: ^20.19.0 || ^22.12.0 || >=24.0.0}

  decimal.js@10.6.0:
    resolution: {integrity: sha512-YpgQiITW3JXGntzdUmyUR1V812Hn8T1YVXhCu+wO3OpS4eU9l4YdD3qjyiKdV6mvV29zapkMeD390UVEf2lkUg==}

  entities@8.1.0:
    resolution: {integrity: sha512-kxL7msIffSuh9aaFAMD7rxAIuTRMAHMeBtgHW2yUdWw732ZNh4MehkF2gdjvtdmikkaIP9bFDDJOPlsvm7avrA==}
    engines: {node: '>=20.19.0'}

  esbuild@0.28.2:
    resolution: {integrity: sha512-HKVLS8dvII+xoKW9kmqxbRKrnWEXfJJr/FZhhJmiqIB0e053QNYFqOBouTMO/k5sID4MvCiUCvv8b9M4h32wIA==}
    engines: {node: '>=18'}
    hasBin: true

  html-encoding-sniffer@6.0.0:
    resolution: {integrity: sha512-CV9TW3Y3f8/wT0BRFc1/KAVQ3TUHiXmaAb6VW9vtiMFf7SLoMd1PdAc4W3KFOFETBJUb90KatHqlsZMWV+R9Gg==}
    engines: {node: ^20.19.0 || ^22.12.0 || >=24.0.0}

  is-potential-custom-element-name@1.0.1:
    resolution: {integrity: sha512-bCYeRA2rVibKZd+s2625gGnGF/t7DSqDs4dP7CrLA1m7jKWz6pps0LpYLJN8Q64HtmPKJ1hrN3nzPNKFEKOUiQ==}

  js-tokens@4.0.0:
    resolution: {integrity: sha512-RdJUflcE3cUzKiMqQgsCu06FPu9UdIJO0beYbPhHN4k6apgJtifcoCtT9bcxOpYBtpD2kCM6Sbzg4CausW/PKQ==}

  jsdom@30.0.1:
    resolution: {integrity: sha512-52v7mUVUfNQVYYqE1lcdaymWL0njO7lTLUog6ZvW2U5KsbiLk/GnZlVJ+qx0xfNJZ6Gn+KSpPNE52vurbxZwrA==}
    engines: {node: ^22.22.2 || ^24.15.0 || >=26.0.0}
    peerDependencies:
      canvas: ^3.2.3
    peerDependenciesMeta:
      canvas:
        optional: true

  loose-envify@1.4.0:
    resolution: {integrity: sha512-lyuxPGr/Wfhrlem2CL/UcnUc1zcqKAImBDzukY7Y5F/yQiNdko6+fRLevlw1HgMySw7f611UIY408EtxRSoK3Q==}
    hasBin: true

  lru-cache@11.5.2:
    resolution: {integrity: sha512-4pfM1Ff0x50o0tQwb5ucw/RzNyD0/YJME6IVcStalZuMWxdt3sR3huStTtxz4PUmvZfRguvDejasvQ2kifR11g==}
    engines: {node: 20 || >=22}

  mdn-data@2.27.1:
    resolution: {integrity: sha512-9Yubnt3e8A0OKwxYSXyhLymGW4sCufcLG6VdiDdUGVkPhpqLxlvP5vl1983gQjJl3tqbrM731mjaZaP68AgosQ==}

  parse5@8.0.1:
    resolution: {integrity: sha512-z1e/HMG90obSGeidlli3hj7cbocou0/wa5HacvI3ASx34PecNjNQeaHNo5WIZpWofN9kgkqV1q5YvXe3F0FoPw==}

  punycode@2.3.1:
    resolution: {integrity: sha512-vYt7UD1U9Wg6138shLtLOvdAu+8DsC/ilFtEVHcH+wydcSpNE20AfSOduf6MkRFahL5FY7X1oU7nKVZFtfq8Fg==}
    engines: {node: '>=6'}

  react-dom@18.3.1:
    resolution: {integrity: sha512-5m4nQKp+rZRb09LNH59GM4BxTh9251/ylbKIbpe7TpGxfJ+9kv6BLkLBXIjjspbgbnIBNqlI23tRnTWT0snUIw==}
    peerDependencies:
      react: ^18.3.1

  react@18.3.1:
    resolution: {integrity: sha512-wS+hAgJShR0KhEvPJArfuPVN1+Hz1t0Y6n5jLrGQbkb4urgPE/0Rve+1kMB1v/oWgHgm4WIcV+i7F2pTVj+2iQ==}
    engines: {node: '>=0.10.0'}

  require-from-string@2.0.2:
    resolution: {integrity: sha512-Xf0nWe6RseziFMu+Ap9biiUbmplq6S9/p+7w7YXP/JBHhrUDDUhwa+vANyubuqfZWTveU//DYVGsDG7RKL/vEw==}
    engines: {node: '>=0.10.0'}

  saxes@6.0.0:
    resolution: {integrity: sha512-xAg7SOnEhrm5zI3puOOKyy1OMcMlIJZYNJY7xLBwSze0UjhPLnWfj2GF2EpT0jmzaJKIWKHLsaSSajf35bcYnA==}
    engines: {node: '>=v12.22.7'}

  scheduler@0.23.2:
    resolution: {integrity: sha512-UOShsPwz7NrMUqhR6t0hWjFduvOzbtv7toDH1/hIrfRNIDBnnBWd0CwJTGvTpngVlmwGCdP9/Zl/tVrDqcuYzQ==}

  schemastery@3.18.0:
    resolution: {integrity: sha512-Jw2uxjoyyqc/yeurmChUEc/jbi8GsrdXV/KmqRUDZXJAXAmrJiPsz8vKa17l/VckyzljHZ9oGaul443CQiXxtA==}

  source-map-js@1.2.1:
    resolution: {integrity: sha512-UXWMKhLOwVKb728IUtQPXxfYU+usdybtUrK/8uGE8CQMvrhOpwvzDBwj0QhSL7MQc7vIsISBG8VQ8+IDQxpfQA==}
    engines: {node: '>=0.10.0'}

  style-mod@4.1.3:
    resolution: {integrity: sha512-i/n8VsZydrugj3Iuzll8+x/00GH2vnYsk1eomD8QiRrSAeW6ItbCQDtfXCeJHd0iwiNagqjQkvpvREEPtW3IoQ==}

  symbol-tree@3.2.4:
    resolution: {integrity: sha512-9QNk5KwDF+Bvz+PyObkmSYjI5ksVUYtjW7AU22r2NKcfLJcXp96hkDWU3+XndOsUb+AQ9QhfzfCT2O+CNWT5Tw==}

  tldts-core@7.4.12:
    resolution: {integrity: sha512-nYNzS2WRf4QJmjzFFgAxLOBjyBxAGRbCy9PVBPaglcYyYajh40VBn+v5Ngr96ZMc7oM0+aCJdtQnNejvdBnXMQ==}

  tldts@7.4.12:
    resolution: {integrity: sha512-WylhSDKVeYnWXL3a+vKTaOxjnOeEGw938hImY8zoRWJjRRK/Jp1K+IihBzIONpUmW4e3WmXT6q5FW6vlESVZCA==}
    hasBin: true

  tough-cookie@6.0.2:
    resolution: {integrity: sha512-exgYmnmL/sJpR3upZfXG5PoatXQii55xAiXGXzY+sROLZ/Y+SLcp9PgJNI9Vz37HpQ74WvDcLT8eqm+kV3FzrA==}
    engines: {node: '>=16'}

  tr46@6.0.0:
    resolution: {integrity: sha512-bLVMLPtstlZ4iMQHpFHTR7GAGj2jxi8Dg0s2h2MafAE4uSWF98FC/3MomU51iQAMf8/qDUbKWf5GxuvvVcXEhw==}
    engines: {node: '>=20'}

  typescript@5.9.3:
    resolution: {integrity: sha512-jl1vZzPDinLr9eUt3J/t7V6FgNEw9QjvBPdysz9KfQDD41fQrC2Y4vKQdiaUpFT4bXlb1RHhLpp8wtm6M5TgSw==}
    engines: {node: '>=14.17'}
    hasBin: true

  undici-types@6.21.0:
    resolution: {integrity: sha512-iwDZqg0QAGrg9Rav5H4n0M64c3mkR59cJ6wQp+7C4nI0gsmExaedaYLNO44eT4AtBBwjbTiGPMlt2Md0T9H9JQ==}

  undici@8.10.2:
    resolution: {integrity: sha512-/y4/bH9YNU5hi9NIrpOuvGXFcxrj3CMrV+/AYpowAYTpHn8gX/XPFjNy766FPoYY0miQhdW977JFWKGNhBdwyQ==}
    engines: {node: '>=22.19.0'}

  w3c-keyname@2.2.8:
    resolution: {integrity: sha512-dpojBhNsCNN7T82Tm7k26A6G9ML3NkhDsnw9n/eoxSRlVBB4CEtIQ/KTCLI2Fwf3ataSXRhYFkQi3SlnFwPvPQ==}

  w3c-xmlserializer@5.0.0:
    resolution: {integrity: sha512-o8qghlI8NZHU1lLPrpi2+Uq7abh4GGPpYANlalzWxyWteJOCsr/P+oPBA49TOLu5FTZO4d3F9MnWJfiMo4BkmA==}
    engines: {node: '>=18'}

  webidl-conversions@8.0.1:
    resolution: {integrity: sha512-BMhLD/Sw+GbJC21C/UgyaZX41nPt8bUTg+jWyDeg7e7YN4xOM05YPSIXceACnXVtqyEw/LMClUQMtMZ+PGGpqQ==}
    engines: {node: '>=20'}

  whatwg-mimetype@5.0.0:
    resolution: {integrity: sha512-sXcNcHOC51uPGF0P/D4NVtrkjSU2fNsm9iog4ZvZJsL3rjoDAzXZhkm2MWt1y+PUdggKAYVoMAIYcs78wJ51Cw==}
    engines: {node: '>=20'}

  whatwg-url@16.0.1:
    resolution: {integrity: sha512-1to4zXBxmXHV3IiSSEInrreIlu02vUOvrhxJJH5vcxYTBDAx51cqZiKdyTxlecdKNSjj8EcxGBxNf6Vg+945gw==}
    engines: {node: ^20.19.0 || ^22.12.0 || >=24.0.0}

  whatwg-url@17.1.1:
    resolution: {integrity: sha512-ohjk1mdUebJVadRt3bAhQhx8lSnISq+GDttK79LFl8EHQkAPvzwctoasC4hs8tBt6kLAncBWWyq1N52qEfKvDw==}
    engines: {node: ^22.14.0 || >=24.0.0}

  xml-name-validator@5.0.0:
    resolution: {integrity: sha512-EvGK8EJ3DhaHfbRlETOWAS5pO9MZITeauHKJyb8wyajUfQUenkIg2MvLDTZ4T/TgIcm3HU0TFBgWWboAZ30UHg==}
    engines: {node: '>=18'}

  xmlchars@2.2.0:
    resolution: {integrity: sha512-JZnDKK8B0RCDw84FNdDAIpZK+JuJw+s7Lz8nksI7SIuU3UXJJslUthsi+uWBUYOwPFwW7W7PRLRfUKpxjtjFCw==}

snapshots:

  '@asamuzakjp/css-color@6.0.7':
    dependencies:
      '@csstools/css-calc': 3.3.0(@csstools/css-parser-algorithms@4.0.0(@csstools/css-tokenizer@4.0.0))(@csstools/css-tokenizer@4.0.0)
      '@csstools/css-color-parser': 4.2.2(@csstools/css-parser-algorithms@4.0.0(@csstools/css-tokenizer@4.0.0))(@csstools/css-tokenizer@4.0.0)
      '@csstools/css-parser-algorithms': 4.0.0(@csstools/css-tokenizer@4.0.0)
      '@csstools/css-tokenizer': 4.0.0
      lru-cache: 11.5.2

  '@asamuzakjp/dom-selector@8.3.2':
    dependencies:
      bidi-js: 1.1.0
      css-tree: 3.2.1
      is-potential-custom-element-name: 1.0.1
      lru-cache: 11.5.2

  '@bramus/specificity@2.4.2':
    dependencies:
      css-tree: 3.2.1

  '@codemirror/autocomplete@6.20.3':
    dependencies:
      '@codemirror/language': 6.12.4
      '@codemirror/state': 6.7.4
      '@codemirror/view': 6.43.11
      '@lezer/common': 1.5.2

  '@codemirror/commands@6.11.0':
    dependencies:
      '@codemirror/language': 6.12.4
      '@codemirror/state': 6.7.4
      '@codemirror/view': 6.43.11
      '@lezer/common': 1.5.2

  '@codemirror/lang-css@6.3.1':
    dependencies:
      '@codemirror/autocomplete': 6.20.3
      '@codemirror/language': 6.12.4
      '@codemirror/state': 6.7.4
      '@lezer/common': 1.5.2
      '@lezer/css': 1.3.6

  '@codemirror/lang-javascript@6.2.5':
    dependencies:
      '@codemirror/autocomplete': 6.20.3
      '@codemirror/language': 6.12.4
      '@codemirror/lint': 6.9.7
      '@codemirror/state': 6.7.4
      '@codemirror/view': 6.43.11
      '@lezer/common': 1.5.2
      '@lezer/javascript': 1.5.4

  '@codemirror/language@6.12.4':
    dependencies:
      '@codemirror/state': 6.7.4
      '@codemirror/view': 6.43.11
      '@lezer/common': 1.5.2
      '@lezer/highlight': 1.2.3
      '@lezer/lr': 1.4.10
      style-mod: 4.1.3

  '@codemirror/lint@6.9.7':
    dependencies:
      '@codemirror/state': 6.7.4
      '@codemirror/view': 6.43.11
      crelt: 1.0.7

  '@codemirror/search@6.7.2':
    dependencies:
      '@codemirror/state': 6.7.4
      '@codemirror/view': 6.43.11
      crelt: 1.0.7

  '@codemirror/state@6.7.4':
    dependencies:
      '@marijn/find-cluster-break': 1.0.4

  '@codemirror/view@6.43.11':
    dependencies:
      '@codemirror/state': 6.7.4
      crelt: 1.0.7
      style-mod: 4.1.3
      w3c-keyname: 2.2.8

  '@csstools/color-helpers@6.1.1': {}

  '@csstools/css-calc@3.3.0(@csstools/css-parser-algorithms@4.0.0(@csstools/css-tokenizer@4.0.0))(@csstools/css-tokenizer@4.0.0)':
    dependencies:
      '@csstools/css-parser-algorithms': 4.0.0(@csstools/css-tokenizer@4.0.0)
      '@csstools/css-tokenizer': 4.0.0

  '@csstools/css-color-parser@4.2.2(@csstools/css-parser-algorithms@4.0.0(@csstools/css-tokenizer@4.0.0))(@csstools/css-tokenizer@4.0.0)':
    dependencies:
      '@csstools/color-helpers': 6.1.1
      '@csstools/css-calc': 3.3.0(@csstools/css-parser-algorithms@4.0.0(@csstools/css-tokenizer@4.0.0))(@csstools/css-tokenizer@4.0.0)
      '@csstools/css-parser-algorithms': 4.0.0(@csstools/css-tokenizer@4.0.0)
      '@csstools/css-tokenizer': 4.0.0

  '@csstools/css-parser-algorithms@4.0.0(@csstools/css-tokenizer@4.0.0)':
    dependencies:
      '@csstools/css-tokenizer': 4.0.0

  '@csstools/css-syntax-patches-for-csstree@1.1.13(css-tree@3.2.1)':
    optionalDependencies:
      css-tree: 3.2.1

  '@csstools/css-tokenizer@4.0.0': {}

  '@deepseek-ai/cordis@4.0.2':
    dependencies:
      '@deepseek-ai/cosmokit': 1.8.3
      '@standard-schema/spec': 1.1.0

  '@deepseek-ai/cosmokit@1.8.3': {}

  '@deepseek-ai/dsh-client-locale@0.1.5-rc.2(@deepseek-ai/cordis@4.0.2)':
    dependencies:
      '@deepseek-ai/cordis': 4.0.2
      '@deepseek-ai/schemastery': 3.18.2

  '@deepseek-ai/dsh-client-ui-layout@0.1.5-rc.2(@deepseek-ai/cordis@4.0.2)':
    dependencies:
      '@deepseek-ai/cordis': 4.0.2

  '@deepseek-ai/dsh-client-ui-primitives@0.1.5-rc.2(@deepseek-ai/cordis@4.0.2)':
    dependencies:
      '@deepseek-ai/cordis': 4.0.2

  '@deepseek-ai/dsh-client-ui-renderer@0.1.5-rc.2(@deepseek-ai/cordis@4.0.2)':
    dependencies:
      '@deepseek-ai/cordis': 4.0.2

  '@deepseek-ai/dsh-client-ui-settings-plugins@0.1.5-rc.2(@deepseek-ai/cordis@4.0.2)':
    dependencies:
      '@deepseek-ai/cordis': 4.0.2

  '@deepseek-ai/dsh-client-ui-settings@0.1.5-rc.2(@deepseek-ai/cordis@4.0.2)':
    dependencies:
      '@deepseek-ai/cordis': 4.0.2

  '@deepseek-ai/dsh-client-ui-sidebar@0.1.5-rc.2(@deepseek-ai/cordis@4.0.2)':
    dependencies:
      '@deepseek-ai/cordis': 4.0.2

  '@deepseek-ai/dsh-client-ui-slots@0.1.5-rc.2(@deepseek-ai/cordis@4.0.2)':
    dependencies:
      '@deepseek-ai/cordis': 4.0.2

  '@deepseek-ai/dsh-settings@0.1.5-rc.2(@deepseek-ai/cordis@4.0.2)(@deepseek-ai/schemastery@3.18.2)':
    dependencies:
      '@deepseek-ai/cordis': 4.0.2
      '@deepseek-ai/dsh-util-values': 0.1.5-rc.2(@deepseek-ai/cordis@4.0.2)
      '@deepseek-ai/schemastery': 3.18.2

  '@deepseek-ai/dsh-util-values@0.1.5-rc.2(@deepseek-ai/cordis@4.0.2)':
    dependencies:
      '@deepseek-ai/cordis': 4.0.2

  '@deepseek-ai/schemastery@3.18.2':
    dependencies:
      '@deepseek-ai/cosmokit': 1.8.3
      '@standard-schema/spec': 1.1.0

  '@esbuild/aix-ppc64@0.28.2':
    optional: true

  '@esbuild/android-arm64@0.28.2':
    optional: true

  '@esbuild/android-arm@0.28.2':
    optional: true

  '@esbuild/android-x64@0.28.2':
    optional: true

  '@esbuild/darwin-arm64@0.28.2':
    optional: true

  '@esbuild/darwin-x64@0.28.2':
    optional: true

  '@esbuild/freebsd-arm64@0.28.2':
    optional: true

  '@esbuild/freebsd-x64@0.28.2':
    optional: true

  '@esbuild/linux-arm64@0.28.2':
    optional: true

  '@esbuild/linux-arm@0.28.2':
    optional: true

  '@esbuild/linux-ia32@0.28.2':
    optional: true

  '@esbuild/linux-loong64@0.28.2':
    optional: true

  '@esbuild/linux-mips64el@0.28.2':
    optional: true

  '@esbuild/linux-ppc64@0.28.2':
    optional: true

  '@esbuild/linux-riscv64@0.28.2':
    optional: true

  '@esbuild/linux-s390x@0.28.2':
    optional: true

  '@esbuild/linux-x64@0.28.2':
    optional: true

  '@esbuild/netbsd-arm64@0.28.2':
    optional: true

  '@esbuild/netbsd-x64@0.28.2':
    optional: true

  '@esbuild/openbsd-arm64@0.28.2':
    optional: true

  '@esbuild/openbsd-x64@0.28.2':
    optional: true

  '@esbuild/openharmony-arm64@0.28.2':
    optional: true

  '@esbuild/sunos-x64@0.28.2':
    optional: true

  '@esbuild/win32-arm64@0.28.2':
    optional: true

  '@esbuild/win32-ia32@0.28.2':
    optional: true

  '@esbuild/win32-x64@0.28.2':
    optional: true

  '@exodus/bytes@1.15.1': {}

  '@lezer/common@1.5.2': {}

  '@lezer/css@1.3.6':
    dependencies:
      '@lezer/common': 1.5.2
      '@lezer/highlight': 1.2.3
      '@lezer/lr': 1.4.10

  '@lezer/highlight@1.2.3':
    dependencies:
      '@lezer/common': 1.5.2

  '@lezer/javascript@1.5.4':
    dependencies:
      '@lezer/common': 1.5.2
      '@lezer/highlight': 1.2.3
      '@lezer/lr': 1.4.10

  '@lezer/lr@1.4.10':
    dependencies:
      '@lezer/common': 1.5.2

  '@marijn/find-cluster-break@1.0.4': {}

  '@standard-schema/spec@1.1.0': {}

  '@types/node@22.20.2':
    dependencies:
      undici-types: 6.21.0

  '@types/prop-types@15.7.15': {}

  '@types/react-dom@18.3.7(@types/react@18.3.31)':
    dependencies:
      '@types/react': 18.3.31

  '@types/react@18.3.31':
    dependencies:
      '@types/prop-types': 15.7.15
      csstype: 3.2.3

  bidi-js@1.1.0:
    dependencies:
      require-from-string: 2.0.2

  cosmokit@1.8.1: {}

  crelt@1.0.7: {}

  css-tree@3.2.1:
    dependencies:
      mdn-data: 2.27.1
      source-map-js: 1.2.1

  csstype@3.2.3: {}

  data-urls@7.0.0:
    dependencies:
      whatwg-mimetype: 5.0.0
      whatwg-url: 16.0.1
    transitivePeerDependencies:
      - '@noble/hashes'

  decimal.js@10.6.0: {}

  entities@8.1.0: {}

  esbuild@0.28.2:
    optionalDependencies:
      '@esbuild/aix-ppc64': 0.28.2
      '@esbuild/android-arm': 0.28.2
      '@esbuild/android-arm64': 0.28.2
      '@esbuild/android-x64': 0.28.2
      '@esbuild/darwin-arm64': 0.28.2
      '@esbuild/darwin-x64': 0.28.2
      '@esbuild/freebsd-arm64': 0.28.2
      '@esbuild/freebsd-x64': 0.28.2
      '@esbuild/linux-arm': 0.28.2
      '@esbuild/linux-arm64': 0.28.2
      '@esbuild/linux-ia32': 0.28.2
      '@esbuild/linux-loong64': 0.28.2
      '@esbuild/linux-mips64el': 0.28.2
      '@esbuild/linux-ppc64': 0.28.2
      '@esbuild/linux-riscv64': 0.28.2
      '@esbuild/linux-s390x': 0.28.2
      '@esbuild/linux-x64': 0.28.2
      '@esbuild/netbsd-arm64': 0.28.2
      '@esbuild/netbsd-x64': 0.28.2
      '@esbuild/openbsd-arm64': 0.28.2
      '@esbuild/openbsd-x64': 0.28.2
      '@esbuild/openharmony-arm64': 0.28.2
      '@esbuild/sunos-x64': 0.28.2
      '@esbuild/win32-arm64': 0.28.2
      '@esbuild/win32-ia32': 0.28.2
      '@esbuild/win32-x64': 0.28.2

  html-encoding-sniffer@6.0.0:
    dependencies:
      '@exodus/bytes': 1.15.1
    transitivePeerDependencies:
      - '@noble/hashes'

  is-potential-custom-element-name@1.0.1: {}

  js-tokens@4.0.0: {}

  jsdom@30.0.1:
    dependencies:
      '@asamuzakjp/css-color': 6.0.7
      '@asamuzakjp/dom-selector': 8.3.2
      '@bramus/specificity': 2.4.2
      '@csstools/css-syntax-patches-for-csstree': 1.1.13(css-tree@3.2.1)
      '@exodus/bytes': 1.15.1
      css-tree: 3.2.1
      data-urls: 7.0.0
      decimal.js: 10.6.0
      html-encoding-sniffer: 6.0.0
      is-potential-custom-element-name: 1.0.1
      lru-cache: 11.5.2
      parse5: 8.0.1
      saxes: 6.0.0
      symbol-tree: 3.2.4
      tough-cookie: 6.0.2
      undici: 8.10.2
      w3c-xmlserializer: 5.0.0
      webidl-conversions: 8.0.1
      whatwg-mimetype: 5.0.0
      whatwg-url: 17.1.1
      xml-name-validator: 5.0.0
    transitivePeerDependencies:
      - '@noble/hashes'

  loose-envify@1.4.0:
    dependencies:
      js-tokens: 4.0.0

  lru-cache@11.5.2: {}

  mdn-data@2.27.1: {}

  parse5@8.0.1:
    dependencies:
      entities: 8.1.0

  punycode@2.3.1: {}

  react-dom@18.3.1(react@18.3.1):
    dependencies:
      loose-envify: 1.4.0
      react: 18.3.1
      scheduler: 0.23.2

  react@18.3.1:
    dependencies:
      loose-envify: 1.4.0

  require-from-string@2.0.2: {}

  saxes@6.0.0:
    dependencies:
      xmlchars: 2.2.0

  scheduler@0.23.2:
    dependencies:
      loose-envify: 1.4.0

  schemastery@3.18.0:
    dependencies:
      '@standard-schema/spec': 1.1.0
      cosmokit: 1.8.1

  source-map-js@1.2.1: {}

  style-mod@4.1.3: {}

  symbol-tree@3.2.4: {}

  tldts-core@7.4.12: {}

  tldts@7.4.12:
    dependencies:
      tldts-core: 7.4.12

  tough-cookie@6.0.2:
    dependencies:
      tldts: 7.4.12

  tr46@6.0.0:
    dependencies:
      punycode: 2.3.1

  typescript@5.9.3: {}

  undici-types@6.21.0: {}

  undici@8.10.2: {}

  w3c-keyname@2.2.8: {}

  w3c-xmlserializer@5.0.0:
    dependencies:
      xml-name-validator: 5.0.0

  webidl-conversions@8.0.1: {}

  whatwg-mimetype@5.0.0: {}

  whatwg-url@16.0.1:
    dependencies:
      '@exodus/bytes': 1.15.1
      tr46: 6.0.0
      webidl-conversions: 8.0.1
    transitivePeerDependencies:
      - '@noble/hashes'

  whatwg-url@17.1.1:
    dependencies:
      '@exodus/bytes': 1.15.1
      tr46: 6.0.0
      webidl-conversions: 8.0.1
    transitivePeerDependencies:
      - '@noble/hashes'

  xml-name-validator@5.0.0: {}

  xmlchars@2.2.0: {}
